
Microsoft Visual Studio Solution File, Format Version 12.00
# Visual Studio Version 16
VisualStudioVersion = 16.0.30907.101
MinimumVisualStudioVersion = 10.0.40219.1
Project("{9A19103F-16F7-4668-BE54-9A1E7A4F7556}") = "DataAccess", "DataAccess\DataAccess.csproj", "{F5A00A73-8CE7-4534-8608-D09ABDCD3361}"
EndProject
Project("{9A19103F-16F7-4668-BE54-9A1E7A4F7556}") = "Business", "Business\Business.csproj", "{ABF8D443-7790-43E9-A6E1-CD54E87E4EDC}"
EndProject
Project("{9A19103F-16F7-4668-BE54-9A1E7A4F7556}") = "Entities", "Entities\Entities.csproj", "{618FA03D-2999-4476-A848-E243E51B23EC}"
EndProject
Project("{9A19103F-16F7-4668-BE54-9A1E7A4F7556}") = "ConsoleUI", "ConsoleUI\ConsoleUI.csproj", "{3A02E317-1D0D-4A23-BAF4-3D3D0E9DA9A8}"
EndProject
Project("{FAE04EC0-301F-11D3-BF4B-00C04F79EFBC}") = "Core", "Core\Core.csproj", "{834699C9-E2AF-4D65-BC2B-671C574D8D63}"
EndProject
Global
	GlobalSection(SolutionConfigurationPlatforms) = preSolution
		Debug|Any CPU = Debug|Any CPU
		Release|Any CPU = Release|Any CPU
	EndGlobalSection
	GlobalSection(ProjectConfigurationPlatforms) = postSolution
		{F5A00A73-8CE7-4534-8608-D09ABDCD3361}.Debug|Any CPU.ActiveCfg = Debug|Any CPU
		{F5A00A73-8CE7-4534-8608-D09ABDCD3361}.Debug|Any CPU.Build.0 = Debug|Any CPU
		{F5A00A73-8CE7-4534-8608-D09ABDCD3361}.Release|Any CPU.ActiveCfg = Release|Any CPU
		{F5A00A73-8CE7-4534-8608-D09ABDCD3361}.Release|Any CPU.Build.0 = Release|Any CPU
		{ABF8D443-7790-43E9-A6E1-CD54E87E4EDC}.Debug|Any CPU.ActiveCfg = Debug|Any CPU
		{ABF8D443-7790-43E9-A6E1-CD54E87E4EDC}.Debug|Any CPU.Build.0 = Debug|Any CPU
		{ABF8D443-7790-43E9-A6E1-CD54E87E4EDC}.Release|Any CPU.ActiveCfg = Release|Any CPU
		{ABF8D443-7790-43E9-A6E1-CD54E87E4EDC}.Release|Any CPU.Build.0 = Release|Any CPU
		{618FA03D-2999-4476-A848-E243E51B23EC}.Debug|Any CPU.ActiveCfg = Debug|Any CPU
		{618FA03D-2999-4476-A848-E243E51B23EC}.Debug|Any CPU.Build.0 = Debug|Any CPU
		{618FA03D-2999-4476-A848-E243E51B23EC}.Release|Any CPU.ActiveCfg = Release|Any CPU
		{618FA03D-2999-4476-A848-E243E51B23EC}.Release|Any CPU.Build.0 = Release|Any CPU
		{3A02E317-1D0D-4A23-BAF4-3D3D0E9DA9A8}.Debug|Any CPU.ActiveCfg = Debug|Any CPU
		{3A02E317-1D0D-4A23-BAF4-3D3D0E9DA9A8}.Debug|Any CPU.Build.0 = Debug|Any CPU
		{3A02E317-1D0D-4A23-BAF4-3D3D0E9DA9A8}.Release|Any CPU.ActiveCfg = Release|Any CPU
		{3A02E317-1D0D-4A23-BAF4-3D3D0E9DA9A8}.Release|Any CPU.Build.0 = Release|Any CPU
		{834699C9-E2AF-4D65-BC2B-671C574D8D63}.Debug|Any CPU.ActiveCfg = Debug|Any CPU
		{834699C9-E2AF-4D65-BC2B-671C574D8D63}.Debug|Any CPU.Build.0 = Debug|Any CPU
		{834699C9-E2AF-4D65-BC2B-671C574D8D63}.Release|Any CPU.ActiveCfg = Release|Any CPU
		{834699C9-E2AF-4D65-BC2B-671C574D8D63}.Release|Any CPU.Build.0 = Release|Any CPU
	EndGlobalSection
	GlobalSection(SolutionProperties) = preSolution
		HideSolutionNode = FALSE
	EndGlobalSection
	GlobalSection(ExtensibilityGlobals) = postSolution
		SolutionGuid = {61A625E9-47C7-4442-9805-5F9E4FD903D2}
	EndGlobalSection
EndGlobal
